
Microsoft Visual Studio Solution File, Format Version 11.00
# Visual Studio 2010
Project("{FAE04EC0-301F-11D3-BF4B-00C04F79EFBC}") = "Unity.Timeline", "Unity.Timeline.csproj", "{7fd05f84-35a4-0cc6-0523-9b964674ed50}"
EndProject
Project("{FAE04EC0-301F-11D3-BF4B-00C04F79EFBC}") = "Unity.2D.Animation.Editor", "Unity.2D.Animation.Editor.csproj", "{16706992-4a9a-cdb0-6235-af0affaafa38}"
EndProject
Project("{FAE04EC0-301F-11D3-BF4B-00C04F79EFBC}") = "Unity.Timeline.Editor", "Unity.Timeline.Editor.csproj", "{3c8f9693-6d90-6e11-9b5b-06d76797ae56}"
EndProject
Project("{FAE04EC0-301F-11D3-BF4B-00C04F79EFBC}") = "Unity.2D.Tilemap.Editor", "Unity.2D.Tilemap.Editor.csproj", "{3c4ea525-3c64-302a-7f27-7e89b621ea7e}"
EndProject
Project("{FAE04EC0-301F-11D3-BF4B-00C04F79EFBC}") = "Unity.TextMeshPro.Editor", "Unity.TextMeshPro.Editor.csproj", "{95bee2bf-4383-b4a6-6a48-8a22109b5b7e}"
EndProject
Project("{FAE04EC0-301F-11D3-BF4B-00C04F79EFBC}") = "Unity.Burst", "Unity.Burst.csproj", "{9d8e4970-0353-b6f4-2fbe-79e02169eade}"
EndProject
Project("{FAE04EC0-301F-11D3-BF4B-00C04F79EFBC}") = "Unity.PlasticSCM.Editor", "Unity.PlasticSCM.Editor.csproj", "{8c77ae23-dcac-6d6c-0acc-a88670a7f872}"
EndProject
Project("{FAE04EC0-301F-11D3-BF4B-00C04F79EFBC}") = "UnityEditor.UI", "UnityEditor.UI.csproj", "{dec853c6-71ec-5c76-35d5-953c289c093b}"
EndProject
Project("{FAE04EC0-301F-11D3-BF4B-00C04F79EFBC}") = "Unity.2D.Psdimporter.Editor", "Unity.2D.Psdimporter.Editor.csproj", "{22f5dd70-5784-9518-16f9-842e7beb69cc}"
EndProject
Project("{FAE04EC0-301F-11D3-BF4B-00C04F79EFBC}") = "Unity.2D.Sprite.Editor", "Unity.2D.Sprite.Editor.csproj", "{ca22d993-3a90-f605-00a2-cebf60ee369a}"
EndProject
Project("{FAE04EC0-301F-11D3-BF4B-00C04F79EFBC}") = "Unity.Mathematics", "Unity.Mathematics.csproj", "{6217119e-46d3-4786-bd96-02a9b65b0d5f}"
EndProject
Project("{FAE04EC0-301F-11D3-BF4B-00C04F79EFBC}") = "Unity.2D.PixelPerfect.Editor", "Unity.2D.PixelPerfect.Editor.csproj", "{1bd386dd-78ab-8094-fcd7-6724cb1cde25}"
EndProject
Project("{FAE04EC0-301F-11D3-BF4B-00C04F79EFBC}") = "Unity.2D.Common.Path.Editor", "Unity.2D.Common.Path.Editor.csproj", "{88f10486-d6f7-670a-9889-2f3142f11e21}"
EndProject
Project("{FAE04EC0-301F-11D3-BF4B-00C04F79EFBC}") = "Unity.2D.IK.Runtime", "Unity.2D.IK.Runtime.csproj", "{f78045d4-f37b-9d53-6da2-24c468f8f61e}"
EndProject
Project("{FAE04EC0-301F-11D3-BF4B-00C04F79EFBC}") = "UnityEditor.TestRunner", "UnityEditor.TestRunner.csproj", "{d7a8c2ad-c12d-c9ea-91a9-8a90413e0945}"
EndProject
Project("{FAE04EC0-301F-11D3-BF4B-00C04F79EFBC}") = "PsdPlugin", "PsdPlugin.csproj", "{8a8b111a-48e0-9533-37a9-c6b4f2754b50}"
EndProject
Project("{FAE04EC0-301F-11D3-BF4B-00C04F79EFBC}") = "UnityEngine.TestRunner", "UnityEngine.TestRunner.csproj", "{2fb251e8-0fc7-1e69-ce44-f240aeb5bcb5}"
EndProject
Project("{FAE04EC0-301F-11D3-BF4B-00C04F79EFBC}") = "UnityEngine.UI", "UnityEngine.UI.csproj", "{a374b576-c17d-a590-0029-7b9855084815}"
EndProject
Project("{FAE04EC0-301F-11D3-BF4B-00C04F79EFBC}") = "Unity.2D.IK.Editor", "Unity.2D.IK.Editor.csproj", "{25f9105c-07bb-142f-5099-b94947af6a51}"
EndProject
Project("{FAE04EC0-301F-11D3-BF4B-00C04F79EFBC}") = "Unity.Rider.Editor", "Unity.Rider.Editor.csproj", "{ef132b95-0f79-35d5-358d-63ba28bb03ed}"
EndProject
Project("{FAE04EC0-301F-11D3-BF4B-00C04F79EFBC}") = "Unity.Collections", "Unity.Collections.csproj", "{3ddb202c-1e6d-6a05-c9af-5ca669459b48}"
EndProject
Project("{FAE04EC0-301F-11D3-BF4B-00C04F79EFBC}") = "Unity.TextMeshPro", "Unity.TextMeshPro.csproj", "{3ccfed70-8c86-03e9-c799-75ad4daecbf1}"
EndProject
Project("{FAE04EC0-301F-11D3-BF4B-00C04F79EFBC}") = "Unity.AI.Navigation.Editor", "Unity.AI.Navigation.Editor.csproj", "{e5424d4e-2f07-d735-c70e-3ced23e8bdf5}"
EndProject
Project("{FAE04EC0-301F-11D3-BF4B-00C04F79EFBC}") = "Unity.VisualStudio.Editor", "Unity.VisualStudio.Editor.csproj", "{a67c45cb-7886-816c-c7c8-bf7e31b98b96}"
EndProject
Project("{FAE04EC0-301F-11D3-BF4B-00C04F79EFBC}") = "Unity.2D.SpriteShape.Editor", "Unity.2D.SpriteShape.Editor.csproj", "{afa9cf92-2dcb-df12-8455-5b985f55f565}"
EndProject
Project("{FAE04EC0-301F-11D3-BF4B-00C04F79EFBC}") = "Unity.2D.PixelPerfect", "Unity.2D.PixelPerfect.csproj", "{df8e9e63-fc3d-6420-1532-3b765f69dbe4}"
EndProject
Project("{FAE04EC0-301F-11D3-BF4B-00C04F79EFBC}") = "Unity.InternalAPIEditorBridge.001", "Unity.InternalAPIEditorBridge.001.csproj", "{d8452589-b22e-b6bb-b90a-98e74b96e1a1}"
EndProject
Project("{FAE04EC0-301F-11D3-BF4B-00C04F79EFBC}") = "Unity.2D.SpriteShape.Runtime", "Unity.2D.SpriteShape.Runtime.csproj", "{34189185-5b6d-d38f-50d5-ab8432c1256b}"
EndProject
Project("{FAE04EC0-301F-11D3-BF4B-00C04F79EFBC}") = "Unity.AI.Navigation", "Unity.AI.Navigation.csproj", "{273c7449-7511-a3ca-27e8-204bbb51da2c}"
EndProject
Project("{FAE04EC0-301F-11D3-BF4B-00C04F79EFBC}") = "Unity.2D.Animation.Runtime", "Unity.2D.Animation.Runtime.csproj", "{0f3ea339-fe79-0807-3033-4e2163e43bc2}"
EndProject
Project("{FAE04EC0-301F-11D3-BF4B-00C04F79EFBC}") = "Unity.AI.Navigation.Editor.ConversionSystem", "Unity.AI.Navigation.Editor.ConversionSystem.csproj", "{391504f9-6640-bdf8-cf2f-72e431ee2a60}"
EndProject
Project("{FAE04EC0-301F-11D3-BF4B-00C04F79EFBC}") = "Unity.Burst.CodeGen", "Unity.Burst.CodeGen.csproj", "{2eccd553-f4dc-9b20-0ee2-28ed97487c5b}"
EndProject
Project("{FAE04EC0-301F-11D3-BF4B-00C04F79EFBC}") = "Unity.Burst.Editor", "Unity.Burst.Editor.csproj", "{d86b116e-e028-736f-faac-8a6b57d44fdf}"
EndProject
Project("{FAE04EC0-301F-11D3-BF4B-00C04F79EFBC}") = "Unity.Collections.BurstCompatibilityGen", "Unity.Collections.BurstCompatibilityGen.csproj", "{a576831b-6374-6b94-53af-39e6e6fee761}"
EndProject
Project("{FAE04EC0-301F-11D3-BF4B-00C04F79EFBC}") = "Assembly-CSharp", "Assembly-CSharp.csproj", "{035c08fe-b25b-a5ae-34c1-e1617b0602a4}"
EndProject
Project("{FAE04EC0-301F-11D3-BF4B-00C04F79EFBC}") = "Unity.VSCode.Editor", "Unity.VSCode.Editor.csproj", "{1227f4ad-0105-256d-6c27-3e77c7f258ea}"
EndProject
Project("{FAE04EC0-301F-11D3-BF4B-00C04F79EFBC}") = "Unity.2D.Common.Editor", "Unity.2D.Common.Editor.csproj", "{3b29e35c-77bb-1319-c548-5162217eaff6}"
EndProject
Project("{FAE04EC0-301F-11D3-BF4B-00C04F79EFBC}") = "Unity.InternalAPIEngineBridge.001", "Unity.InternalAPIEngineBridge.001.csproj", "{a9c3e276-45f5-6465-5c27-5c300337a680}"
EndProject
Project("{FAE04EC0-301F-11D3-BF4B-00C04F79EFBC}") = "Unity.AI.Navigation.Updater", "Unity.AI.Navigation.Updater.csproj", "{1a15abc9-6f52-7549-1d0b-18f4c0a88273}"
EndProject
Project("{FAE04EC0-301F-11D3-BF4B-00C04F79EFBC}") = "Unity.2D.Common.Runtime", "Unity.2D.Common.Runtime.csproj", "{020d242c-f9c5-6bec-05da-f6e60577192e}"
EndProject
Project("{FAE04EC0-301F-11D3-BF4B-00C04F79EFBC}") = "Unity.Collections.DocCodeSamples", "Unity.Collections.DocCodeSamples.csproj", "{7e93fe9b-13ed-49bb-a4f9-0119bc4816cb}"
EndProject
Project("{FAE04EC0-301F-11D3-BF4B-00C04F79EFBC}") = "Unity.CollabProxy.Editor", "Unity.CollabProxy.Editor.csproj", "{7aeb0064-23c6-90ea-c86d-abc7db0bb57c}"
EndProject
Project("{FAE04EC0-301F-11D3-BF4B-00C04F79EFBC}") = "Unity.Mathematics.Editor", "Unity.Mathematics.Editor.csproj", "{7576328a-1dd9-0a86-f44a-69037d822839}"
EndProject
Global
	GlobalSection(SolutionConfigurationPlatforms) = preSolution
		Debug|Any CPU = Debug|Any CPU
	EndGlobalSection
	GlobalSection(ProjectConfigurationPlatforms) = postSolution
		{7fd05f84-35a4-0cc6-0523-9b964674ed50}.Debug|Any CPU.ActiveCfg = Debug|Any CPU
		{7fd05f84-35a4-0cc6-0523-9b964674ed50}.Debug|Any CPU.Build.0 = Debug|Any CPU
		{16706992-4a9a-cdb0-6235-af0affaafa38}.Debug|Any CPU.ActiveCfg = Debug|Any CPU
		{16706992-4a9a-cdb0-6235-af0affaafa38}.Debug|Any CPU.Build.0 = Debug|Any CPU
		{3c8f9693-6d90-6e11-9b5b-06d76797ae56}.Debug|Any CPU.ActiveCfg = Debug|Any CPU
		{3c8f9693-6d90-6e11-9b5b-06d76797ae56}.Debug|Any CPU.Build.0 = Debug|Any CPU
		{3c4ea525-3c64-302a-7f27-7e89b621ea7e}.Debug|Any CPU.ActiveCfg = Debug|Any CPU
		{3c4ea525-3c64-302a-7f27-7e89b621ea7e}.Debug|Any CPU.Build.0 = Debug|Any CPU
		{95bee2bf-4383-b4a6-6a48-8a22109b5b7e}.Debug|Any CPU.ActiveCfg = Debug|Any CPU
		{95bee2bf-4383-b4a6-6a48-8a22109b5b7e}.Debug|Any CPU.Build.0 = Debug|Any CPU
		{9d8e4970-0353-b6f4-2fbe-79e02169eade}.Debug|Any CPU.ActiveCfg = Debug|Any CPU
		{9d8e4970-0353-b6f4-2fbe-79e02169eade}.Debug|Any CPU.Build.0 = Debug|Any CPU
		{8c77ae23-dcac-6d6c-0acc-a88670a7f872}.Debug|Any CPU.ActiveCfg = Debug|Any CPU
		{8c77ae23-dcac-6d6c-0acc-a88670a7f872}.Debug|Any CPU.Build.0 = Debug|Any CPU
		{dec853c6-71ec-5c76-35d5-953c289c093b}.Debug|Any CPU.ActiveCfg = Debug|Any CPU
		{dec853c6-71ec-5c76-35d5-953c289c093b}.Debug|Any CPU.Build.0 = Debug|Any CPU
		{22f5dd70-5784-9518-16f9-842e7beb69cc}.Debug|Any CPU.ActiveCfg = Debug|Any CPU
		{22f5dd70-5784-9518-16f9-842e7beb69cc}.Debug|Any CPU.Build.0 = Debug|Any CPU
		{ca22d993-3a90-f605-00a2-cebf60ee369a}.Debug|Any CPU.ActiveCfg = Debug|Any CPU
		{ca22d993-3a90-f605-00a2-cebf60ee369a}.Debug|Any CPU.Build.0 = Debug|Any CPU
		{6217119e-46d3-4786-bd96-02a9b65b0d5f}.Debug|Any CPU.ActiveCfg = Debug|Any CPU
		{6217119e-46d3-4786-bd96-02a9b65b0d5f}.Debug|Any CPU.Build.0 = Debug|Any CPU
		{1bd386dd-78ab-8094-fcd7-6724cb1cde25}.Debug|Any CPU.ActiveCfg = Debug|Any CPU
		{1bd386dd-78ab-8094-fcd7-6724cb1cde25}.Debug|Any CPU.Build.0 = Debug|Any CPU
		{88f10486-d6f7-670a-9889-2f3142f11e21}.Debug|Any CPU.ActiveCfg = Debug|Any CPU
		{88f10486-d6f7-670a-9889-2f3142f11e21}.Debug|Any CPU.Build.0 = Debug|Any CPU
		{f78045d4-f37b-9d53-6da2-24c468f8f61e}.Debug|Any CPU.ActiveCfg = Debug|Any CPU
		{f78045d4-f37b-9d53-6da2-24c468f8f61e}.Debug|Any CPU.Build.0 = Debug|Any CPU
		{d7a8c2ad-c12d-c9ea-91a9-8a90413e0945}.Debug|Any CPU.ActiveCfg = Debug|Any CPU
		{d7a8c2ad-c12d-c9ea-91a9-8a90413e0945}.Debug|Any CPU.Build.0 = Debug|Any CPU
		{8a8b111a-48e0-9533-37a9-c6b4f2754b50}.Debug|Any CPU.ActiveCfg = Debug|Any CPU
		{8a8b111a-48e0-9533-37a9-c6b4f2754b50}.Debug|Any CPU.Build.0 = Debug|Any CPU
		{2fb251e8-0fc7-1e69-ce44-f240aeb5bcb5}.Debug|Any CPU.ActiveCfg = Debug|Any CPU
		{2fb251e8-0fc7-1e69-ce44-f240aeb5bcb5}.Debug|Any CPU.Build.0 = Debug|Any CPU
		{a374b576-c17d-a590-0029-7b9855084815}.Debug|Any CPU.ActiveCfg = Debug|Any CPU
		{a374b576-c17d-a590-0029-7b9855084815}.Debug|Any CPU.Build.0 = Debug|Any CPU
		{25f9105c-07bb-142f-5099-b94947af6a51}.Debug|Any CPU.ActiveCfg = Debug|Any CPU
		{25f9105c-07bb-142f-5099-b94947af6a51}.Debug|Any CPU.Build.0 = Debug|Any CPU
		{ef132b95-0f79-35d5-358d-63ba28bb03ed}.Debug|Any CPU.ActiveCfg = Debug|Any CPU
		{ef132b95-0f79-35d5-358d-63ba28bb03ed}.Debug|Any CPU.Build.0 = Debug|Any CPU
		{3ddb202c-1e6d-6a05-c9af-5ca669459b48}.Debug|Any CPU.ActiveCfg = Debug|Any CPU
		{3ddb202c-1e6d-6a05-c9af-5ca669459b48}.Debug|Any CPU.Build.0 = Debug|Any CPU
		{3ccfed70-8c86-03e9-c799-75ad4daecbf1}.Debug|Any CPU.ActiveCfg = Debug|Any CPU
		{3ccfed70-8c86-03e9-c799-75ad4daecbf1}.Debug|Any CPU.Build.0 = Debug|Any CPU
		{e5424d4e-2f07-d735-c70e-3ced23e8bdf5}.Debug|Any CPU.ActiveCfg = Debug|Any CPU
		{e5424d4e-2f07-d735-c70e-3ced23e8bdf5}.Debug|Any CPU.Build.0 = Debug|Any CPU
		{a67c45cb-7886-816c-c7c8-bf7e31b98b96}.Debug|Any CPU.ActiveCfg = Debug|Any CPU
		{a67c45cb-7886-816c-c7c8-bf7e31b98b96}.Debug|Any CPU.Build.0 = Debug|Any CPU
		{afa9cf92-2dcb-df12-8455-5b985f55f565}.Debug|Any CPU.ActiveCfg = Debug|Any CPU
		{afa9cf92-2dcb-df12-8455-5b985f55f565}.Debug|Any CPU.Build.0 = Debug|Any CPU
		{df8e9e63-fc3d-6420-1532-3b765f69dbe4}.Debug|Any CPU.ActiveCfg = Debug|Any CPU
		{df8e9e63-fc3d-6420-1532-3b765f69dbe4}.Debug|Any CPU.Build.0 = Debug|Any CPU
		{d8452589-b22e-b6bb-b90a-98e74b96e1a1}.Debug|Any CPU.ActiveCfg = Debug|Any CPU
		{d8452589-b22e-b6bb-b90a-98e74b96e1a1}.Debug|Any CPU.Build.0 = Debug|Any CPU
		{34189185-5b6d-d38f-50d5-ab8432c1256b}.Debug|Any CPU.ActiveCfg = Debug|Any CPU
		{34189185-5b6d-d38f-50d5-ab8432c1256b}.Debug|Any CPU.Build.0 = Debug|Any CPU
		{273c7449-7511-a3ca-27e8-204bbb51da2c}.Debug|Any CPU.ActiveCfg = Debug|Any CPU
		{273c7449-7511-a3ca-27e8-204bbb51da2c}.Debug|Any CPU.Build.0 = Debug|Any CPU
		{0f3ea339-fe79-0807-3033-4e2163e43bc2}.Debug|Any CPU.ActiveCfg = Debug|Any CPU
		{0f3ea339-fe79-0807-3033-4e2163e43bc2}.Debug|Any CPU.Build.0 = Debug|Any CPU
		{391504f9-6640-bdf8-cf2f-72e431ee2a60}.Debug|Any CPU.ActiveCfg = Debug|Any CPU
		{391504f9-6640-bdf8-cf2f-72e431ee2a60}.Debug|Any CPU.Build.0 = Debug|Any CPU
		{2eccd553-f4dc-9b20-0ee2-28ed97487c5b}.Debug|Any CPU.ActiveCfg = Debug|Any CPU
		{2eccd553-f4dc-9b20-0ee2-28ed97487c5b}.Debug|Any CPU.Build.0 = Debug|Any CPU
		{d86b116e-e028-736f-faac-8a6b57d44fdf}.Debug|Any CPU.ActiveCfg = Debug|Any CPU
		{d86b116e-e028-736f-faac-8a6b57d44fdf}.Debug|Any CPU.Build.0 = Debug|Any CPU
		{a576831b-6374-6b94-53af-39e6e6fee761}.Debug|Any CPU.ActiveCfg = Debug|Any CPU
		{a576831b-6374-6b94-53af-39e6e6fee761}.Debug|Any CPU.Build.0 = Debug|Any CPU
		{035c08fe-b25b-a5ae-34c1-e1617b0602a4}.Debug|Any CPU.ActiveCfg = Debug|Any CPU
		{035c08fe-b25b-a5ae-34c1-e1617b0602a4}.Debug|Any CPU.Build.0 = Debug|Any CPU
		{1227f4ad-0105-256d-6c27-3e77c7f258ea}.Debug|Any CPU.ActiveCfg = Debug|Any CPU
		{1227f4ad-0105-256d-6c27-3e77c7f258ea}.Debug|Any CPU.Build.0 = Debug|Any CPU
		{3b29e35c-77bb-1319-c548-5162217eaff6}.Debug|Any CPU.ActiveCfg = Debug|Any CPU
		{3b29e35c-77bb-1319-c548-5162217eaff6}.Debug|Any CPU.Build.0 = Debug|Any CPU
		{a9c3e276-45f5-6465-5c27-5c300337a680}.Debug|Any CPU.ActiveCfg = Debug|Any CPU
		{a9c3e276-45f5-6465-5c27-5c300337a680}.Debug|Any CPU.Build.0 = Debug|Any CPU
		{1a15abc9-6f52-7549-1d0b-18f4c0a88273}.Debug|Any CPU.ActiveCfg = Debug|Any CPU
		{1a15abc9-6f52-7549-1d0b-18f4c0a88273}.Debug|Any CPU.Build.0 = Debug|Any CPU
		{020d242c-f9c5-6bec-05da-f6e60577192e}.Debug|Any CPU.ActiveCfg = Debug|Any CPU
		{020d242c-f9c5-6bec-05da-f6e60577192e}.Debug|Any CPU.Build.0 = Debug|Any CPU
		{7e93fe9b-13ed-49bb-a4f9-0119bc4816cb}.Debug|Any CPU.ActiveCfg = Debug|Any CPU
		{7e93fe9b-13ed-49bb-a4f9-0119bc4816cb}.Debug|Any CPU.Build.0 = Debug|Any CPU
		{7aeb0064-23c6-90ea-c86d-abc7db0bb57c}.Debug|Any CPU.ActiveCfg = Debug|Any CPU
		{7aeb0064-23c6-90ea-c86d-abc7db0bb57c}.Debug|Any CPU.Build.0 = Debug|Any CPU
		{7576328a-1dd9-0a86-f44a-69037d822839}.Debug|Any CPU.ActiveCfg = Debug|Any CPU
		{7576328a-1dd9-0a86-f44a-69037d822839}.Debug|Any CPU.Build.0 = Debug|Any CPU
	EndGlobalSection
	GlobalSection(SolutionProperties) = preSolution
		HideSolutionNode = FALSE
	EndGlobalSection
EndGlobal
