
Microsoft Visual Studio Solution File, Format Version 12.00
# Visual Studio 15
Project("{FAE04EC0-301F-11D3-BF4B-00C04F79EFBC}") = "Unity.Timeline", "Unity.Timeline.csproj", "{845FD07F-A435-C60C-0523-9B964674ED50}"
EndProject
Project("{FAE04EC0-301F-11D3-BF4B-00C04F79EFBC}") = "Unity.2D.Animation.Editor", "Unity.2D.Animation.Editor.csproj", "{92697016-9A4A-B0CD-6235-AF0AFFAAFA38}"
EndProject
Project("{FAE04EC0-301F-11D3-BF4B-00C04F79EFBC}") = "Unity.Timeline.Editor", "Unity.Timeline.Editor.csproj", "{93968F3C-906D-116E-9B5B-06D76797AE56}"
EndProject
Project("{FAE04EC0-301F-11D3-BF4B-00C04F79EFBC}") = "Unity.2D.Tilemap.Editor", "Unity.2D.Tilemap.Editor.csproj", "{25A54E3C-643C-2A30-7F27-7E89B621EA7E}"
EndProject
Project("{FAE04EC0-301F-11D3-BF4B-00C04F79EFBC}") = "Unity.TextMeshPro.Editor", "Unity.TextMeshPro.Editor.csproj", "{BFE2BE95-8343-A6B4-6A48-8A22109B5B7E}"
EndProject
Project("{FAE04EC0-301F-11D3-BF4B-00C04F79EFBC}") = "Unity.Burst", "Unity.Burst.csproj", "{70498E9D-5303-F4B6-2FBE-79E02169EADE}"
EndProject
Project("{FAE04EC0-301F-11D3-BF4B-00C04F79EFBC}") = "Unity.PlasticSCM.Editor", "Unity.PlasticSCM.Editor.csproj", "{23AE778C-ACDC-6C6D-0ACC-A88670A7F872}"
EndProject
Project("{FAE04EC0-301F-11D3-BF4B-00C04F79EFBC}") = "UnityEditor.UI", "UnityEditor.UI.csproj", "{C653C8DE-EC71-765C-35D5-953C289C093B}"
EndProject
Project("{FAE04EC0-301F-11D3-BF4B-00C04F79EFBC}") = "Unity.2D.Psdimporter.Editor", "Unity.2D.Psdimporter.Editor.csproj", "{70DDF522-8457-1895-16F9-842E7BEB69CC}"
EndProject
Project("{FAE04EC0-301F-11D3-BF4B-00C04F79EFBC}") = "Unity.2D.Sprite.Editor", "Unity.2D.Sprite.Editor.csproj", "{93D922CA-903A-05F6-00A2-CEBF60EE369A}"
EndProject
Project("{FAE04EC0-301F-11D3-BF4B-00C04F79EFBC}") = "Unity.Mathematics", "Unity.Mathematics.csproj", "{9E111762-D346-8647-BD96-02A9B65B0D5F}"
EndProject
Project("{FAE04EC0-301F-11D3-BF4B-00C04F79EFBC}") = "Unity.2D.PixelPerfect.Editor", "Unity.2D.PixelPerfect.Editor.csproj", "{DD86D31B-AB78-9480-FCD7-6724CB1CDE25}"
EndProject
Project("{FAE04EC0-301F-11D3-BF4B-00C04F79EFBC}") = "Unity.2D.Common.Path.Editor", "Unity.2D.Common.Path.Editor.csproj", "{8604F188-F7D6-0A67-9889-2F3142F11E21}"
EndProject
Project("{FAE04EC0-301F-11D3-BF4B-00C04F79EFBC}") = "Unity.2D.IK.Runtime", "Unity.2D.IK.Runtime.csproj", "{D44580F7-7BF3-539D-6DA2-24C468F8F61E}"
EndProject
Project("{FAE04EC0-301F-11D3-BF4B-00C04F79EFBC}") = "UnityEditor.TestRunner", "UnityEditor.TestRunner.csproj", "{ADC2A8D7-2DC1-EAC9-91A9-8A90413E0945}"
EndProject
Project("{FAE04EC0-301F-11D3-BF4B-00C04F79EFBC}") = "PsdPlugin", "PsdPlugin.csproj", "{1A118B8A-E048-3395-37A9-C6B4F2754B50}"
EndProject
Project("{FAE04EC0-301F-11D3-BF4B-00C04F79EFBC}") = "UnityEngine.TestRunner", "UnityEngine.TestRunner.csproj", "{E851B22F-C70F-691E-CE44-F240AEB5BCB5}"
EndProject
Project("{FAE04EC0-301F-11D3-BF4B-00C04F79EFBC}") = "UnityEngine.UI", "UnityEngine.UI.csproj", "{76B574A3-7DC1-90A5-0029-7B9855084815}"
EndProject
Project("{FAE04EC0-301F-11D3-BF4B-00C04F79EFBC}") = "Unity.2D.IK.Editor", "Unity.2D.IK.Editor.csproj", "{5C10F925-BB07-2F14-5099-B94947AF6A51}"
EndProject
Project("{FAE04EC0-301F-11D3-BF4B-00C04F79EFBC}") = "Unity.Rider.Editor", "Unity.Rider.Editor.csproj", "{952B13EF-790F-D535-358D-63BA28BB03ED}"
EndProject
Project("{FAE04EC0-301F-11D3-BF4B-00C04F79EFBC}") = "Unity.Collections", "Unity.Collections.csproj", "{2C20DB3D-6D1E-056A-C9AF-5CA669459B48}"
EndProject
Project("{FAE04EC0-301F-11D3-BF4B-00C04F79EFBC}") = "Unity.TextMeshPro", "Unity.TextMeshPro.csproj", "{70EDCF3C-868C-E903-C799-75AD4DAECBF1}"
EndProject
Project("{FAE04EC0-301F-11D3-BF4B-00C04F79EFBC}") = "Unity.AI.Navigation.Editor", "Unity.AI.Navigation.Editor.csproj", "{4E4D42E5-072F-35D7-C70E-3CED23E8BDF5}"
EndProject
Project("{FAE04EC0-301F-11D3-BF4B-00C04F79EFBC}") = "Unity.VisualStudio.Editor", "Unity.VisualStudio.Editor.csproj", "{CB457CA6-8678-6C81-C7C8-BF7E31B98B96}"
EndProject
Project("{FAE04EC0-301F-11D3-BF4B-00C04F79EFBC}") = "Unity.2D.SpriteShape.Editor", "Unity.2D.SpriteShape.Editor.csproj", "{92CFA9AF-CB2D-12DF-8455-5B985F55F565}"
EndProject
Project("{FAE04EC0-301F-11D3-BF4B-00C04F79EFBC}") = "Unity.2D.PixelPerfect", "Unity.2D.PixelPerfect.csproj", "{639E8EDF-3DFC-2064-1532-3B765F69DBE4}"
EndProject
Project("{FAE04EC0-301F-11D3-BF4B-00C04F79EFBC}") = "Unity.InternalAPIEditorBridge.001", "Unity.InternalAPIEditorBridge.001.csproj", "{892545D8-2EB2-BBB6-B90A-98E74B96E1A1}"
EndProject
Project("{FAE04EC0-301F-11D3-BF4B-00C04F79EFBC}") = "Unity.2D.SpriteShape.Runtime", "Unity.2D.SpriteShape.Runtime.csproj", "{85911834-6D5B-8FD3-50D5-AB8432C1256B}"
EndProject
Project("{FAE04EC0-301F-11D3-BF4B-00C04F79EFBC}") = "Unity.AI.Navigation", "Unity.AI.Navigation.csproj", "{49743C27-1175-CAA3-27E8-204BBB51DA2C}"
EndProject
Project("{FAE04EC0-301F-11D3-BF4B-00C04F79EFBC}") = "Unity.2D.Animation.Runtime", "Unity.2D.Animation.Runtime.csproj", "{39A33E0F-79FE-0708-3033-4E2163E43BC2}"
EndProject
Project("{FAE04EC0-301F-11D3-BF4B-00C04F79EFBC}") = "Unity.AI.Navigation.Editor.ConversionSystem", "Unity.AI.Navigation.Editor.ConversionSystem.csproj", "{F9041539-4066-F8BD-CF2F-72E431EE2A60}"
EndProject
Project("{FAE04EC0-301F-11D3-BF4B-00C04F79EFBC}") = "Unity.Burst.CodeGen", "Unity.Burst.CodeGen.csproj", "{53D5CC2E-DCF4-209B-0EE2-28ED97487C5B}"
EndProject
Project("{FAE04EC0-301F-11D3-BF4B-00C04F79EFBC}") = "Unity.Burst.Editor", "Unity.Burst.Editor.csproj", "{6E116BD8-28E0-6F73-FAAC-8A6B57D44FDF}"
EndProject
Project("{FAE04EC0-301F-11D3-BF4B-00C04F79EFBC}") = "Unity.Collections.BurstCompatibilityGen", "Unity.Collections.BurstCompatibilityGen.csproj", "{1B8376A5-7463-946B-53AF-39E6E6FEE761}"
EndProject
Project("{FAE04EC0-301F-11D3-BF4B-00C04F79EFBC}") = "Unity.VSCode.Editor", "Unity.VSCode.Editor.csproj", "{ADF42712-0501-6D25-6C27-3E77C7F258EA}"
EndProject
Project("{FAE04EC0-301F-11D3-BF4B-00C04F79EFBC}") = "Unity.2D.Common.Editor", "Unity.2D.Common.Editor.csproj", "{5CE3293B-BB77-1913-C548-5162217EAFF6}"
EndProject
Project("{FAE04EC0-301F-11D3-BF4B-00C04F79EFBC}") = "Unity.InternalAPIEngineBridge.001", "Unity.InternalAPIEngineBridge.001.csproj", "{76E2C3A9-F545-6564-5C27-5C300337A680}"
EndProject
Project("{FAE04EC0-301F-11D3-BF4B-00C04F79EFBC}") = "Unity.AI.Navigation.Updater", "Unity.AI.Navigation.Updater.csproj", "{C9AB151A-526F-4975-1D0B-18F4C0A88273}"
EndProject
Project("{FAE04EC0-301F-11D3-BF4B-00C04F79EFBC}") = "Unity.2D.Common.Runtime", "Unity.2D.Common.Runtime.csproj", "{2C240D02-C5F9-EC6B-05DA-F6E60577192E}"
EndProject
Project("{FAE04EC0-301F-11D3-BF4B-00C04F79EFBC}") = "Assembly-CSharp", "Assembly-CSharp.csproj", "{FE085C03-5BB2-AEA5-34C1-E1617B0602A4}"
EndProject
Project("{FAE04EC0-301F-11D3-BF4B-00C04F79EFBC}") = "Unity.Collections.DocCodeSamples", "Unity.Collections.DocCodeSamples.csproj", "{9BFE937E-ED13-BB49-A4F9-0119BC4816CB}"
EndProject
Project("{FAE04EC0-301F-11D3-BF4B-00C04F79EFBC}") = "Unity.CollabProxy.Editor", "Unity.CollabProxy.Editor.csproj", "{6400EB7A-C623-EA90-C86D-ABC7DB0BB57C}"
EndProject
Project("{FAE04EC0-301F-11D3-BF4B-00C04F79EFBC}") = "Unity.Mathematics.Editor", "Unity.Mathematics.Editor.csproj", "{8A327675-D91D-860A-F44A-69037D822839}"
EndProject
Project("{FAE04EC0-301F-11D3-BF4B-00C04F79EFBC}") = "Unity.Timeline", "Unity.Timeline.Player.csproj", "{D7B8FB5B-9EC4-973D-CDE2-C442BC7ACF4F}"
EndProject
Project("{FAE04EC0-301F-11D3-BF4B-00C04F79EFBC}") = "Unity.Burst", "Unity.Burst.Player.csproj", "{39936621-BB48-44E0-7B8D-385CE749AB1E}"
EndProject
Project("{FAE04EC0-301F-11D3-BF4B-00C04F79EFBC}") = "Unity.Mathematics", "Unity.Mathematics.Player.csproj", "{C2AD309E-3FFE-453B-71FE-E0F5BB26968B}"
EndProject
Project("{FAE04EC0-301F-11D3-BF4B-00C04F79EFBC}") = "Unity.2D.IK.Runtime", "Unity.2D.IK.Runtime.Player.csproj", "{1A04E3A0-4C11-6995-BAE0-85B9AE86E774}"
EndProject
Project("{FAE04EC0-301F-11D3-BF4B-00C04F79EFBC}") = "UnityEngine.TestRunner", "UnityEngine.TestRunner.Player.csproj", "{F0A4778C-0C05-21AC-5155-027C5B3A6EC3}"
EndProject
Project("{FAE04EC0-301F-11D3-BF4B-00C04F79EFBC}") = "UnityEngine.UI", "UnityEngine.UI.Player.csproj", "{94B9A087-CDD4-79A2-CA10-CC2E2550B993}"
EndProject
Project("{FAE04EC0-301F-11D3-BF4B-00C04F79EFBC}") = "Unity.Collections", "Unity.Collections.Player.csproj", "{5F021519-9E06-09E8-994F-4D95F6DAB536}"
EndProject
Project("{FAE04EC0-301F-11D3-BF4B-00C04F79EFBC}") = "Unity.TextMeshPro", "Unity.TextMeshPro.Player.csproj", "{2A1688DB-FA29-AA21-48A0-712F12539AE9}"
EndProject
Project("{FAE04EC0-301F-11D3-BF4B-00C04F79EFBC}") = "Unity.2D.PixelPerfect", "Unity.2D.PixelPerfect.Player.csproj", "{1167BCCD-8890-0CC1-78F9-C7618496B868}"
EndProject
Project("{FAE04EC0-301F-11D3-BF4B-00C04F79EFBC}") = "Unity.2D.SpriteShape.Runtime", "Unity.2D.SpriteShape.Runtime.Player.csproj", "{51567AA9-DF24-1E90-93BD-6A7389E8D528}"
EndProject
Project("{FAE04EC0-301F-11D3-BF4B-00C04F79EFBC}") = "Unity.AI.Navigation", "Unity.AI.Navigation.Player.csproj", "{B4521D88-4ACC-A8AC-3BA0-37DF29A3C912}"
EndProject
Project("{FAE04EC0-301F-11D3-BF4B-00C04F79EFBC}") = "Unity.2D.Animation.Runtime", "Unity.2D.Animation.Runtime.Player.csproj", "{6A9CC751-01AF-D565-48D0-75FEE8F008CE}"
EndProject
Project("{FAE04EC0-301F-11D3-BF4B-00C04F79EFBC}") = "Unity.InternalAPIEngineBridge.001", "Unity.InternalAPIEngineBridge.001.Player.csproj", "{7238F279-B2C0-0492-A50B-2D474C7CDDF3}"
EndProject
Project("{FAE04EC0-301F-11D3-BF4B-00C04F79EFBC}") = "Unity.2D.Common.Runtime", "Unity.2D.Common.Runtime.Player.csproj", "{3F3619A5-0CA3-D573-1044-61C479E00AF8}"
EndProject
Project("{FAE04EC0-301F-11D3-BF4B-00C04F79EFBC}") = "Assembly-CSharp", "Assembly-CSharp.Player.csproj", "{9B70F0FD-EA5D-2FE3-AADC-6922D3895183}"
EndProject
Global
	GlobalSection(SolutionConfigurationPlatforms) = preSolution
		Debug|Any CPU = Debug|Any CPU
		Release|Any CPU = Release|Any CPU
	EndGlobalSection
	GlobalSection(ProjectConfigurationPlatforms) = postSolution
		{845FD07F-A435-C60C-0523-9B964674ED50}.Debug|Any CPU.ActiveCfg = Debug|Any CPU
		{845FD07F-A435-C60C-0523-9B964674ED50}.Debug|Any CPU.Build.0 = Debug|Any CPU
		{845FD07F-A435-C60C-0523-9B964674ED50}.Release|Any CPU.ActiveCfg = Release|Any CPU
		{845FD07F-A435-C60C-0523-9B964674ED50}.Release|Any CPU.Build.0 = Release|Any CPU
		{92697016-9A4A-B0CD-6235-AF0AFFAAFA38}.Debug|Any CPU.ActiveCfg = Debug|Any CPU
		{92697016-9A4A-B0CD-6235-AF0AFFAAFA38}.Debug|Any CPU.Build.0 = Debug|Any CPU
		{92697016-9A4A-B0CD-6235-AF0AFFAAFA38}.Release|Any CPU.ActiveCfg = Release|Any CPU
		{92697016-9A4A-B0CD-6235-AF0AFFAAFA38}.Release|Any CPU.Build.0 = Release|Any CPU
		{93968F3C-906D-116E-9B5B-06D76797AE56}.Debug|Any CPU.ActiveCfg = Debug|Any CPU
		{93968F3C-906D-116E-9B5B-06D76797AE56}.Debug|Any CPU.Build.0 = Debug|Any CPU
		{93968F3C-906D-116E-9B5B-06D76797AE56}.Release|Any CPU.ActiveCfg = Release|Any CPU
		{93968F3C-906D-116E-9B5B-06D76797AE56}.Release|Any CPU.Build.0 = Release|Any CPU
		{25A54E3C-643C-2A30-7F27-7E89B621EA7E}.Debug|Any CPU.ActiveCfg = Debug|Any CPU
		{25A54E3C-643C-2A30-7F27-7E89B621EA7E}.Debug|Any CPU.Build.0 = Debug|Any CPU
		{25A54E3C-643C-2A30-7F27-7E89B621EA7E}.Release|Any CPU.ActiveCfg = Release|Any CPU
		{25A54E3C-643C-2A30-7F27-7E89B621EA7E}.Release|Any CPU.Build.0 = Release|Any CPU
		{BFE2BE95-8343-A6B4-6A48-8A22109B5B7E}.Debug|Any CPU.ActiveCfg = Debug|Any CPU
		{BFE2BE95-8343-A6B4-6A48-8A22109B5B7E}.Debug|Any CPU.Build.0 = Debug|Any CPU
		{BFE2BE95-8343-A6B4-6A48-8A22109B5B7E}.Release|Any CPU.ActiveCfg = Release|Any CPU
		{BFE2BE95-8343-A6B4-6A48-8A22109B5B7E}.Release|Any CPU.Build.0 = Release|Any CPU
		{70498E9D-5303-F4B6-2FBE-79E02169EADE}.Debug|Any CPU.ActiveCfg = Debug|Any CPU
		{70498E9D-5303-F4B6-2FBE-79E02169EADE}.Debug|Any CPU.Build.0 = Debug|Any CPU
		{70498E9D-5303-F4B6-2FBE-79E02169EADE}.Release|Any CPU.ActiveCfg = Release|Any CPU
		{70498E9D-5303-F4B6-2FBE-79E02169EADE}.Release|Any CPU.Build.0 = Release|Any CPU
		{23AE778C-ACDC-6C6D-0ACC-A88670A7F872}.Debug|Any CPU.ActiveCfg = Debug|Any CPU
		{23AE778C-ACDC-6C6D-0ACC-A88670A7F872}.Debug|Any CPU.Build.0 = Debug|Any CPU
		{23AE778C-ACDC-6C6D-0ACC-A88670A7F872}.Release|Any CPU.ActiveCfg = Release|Any CPU
		{23AE778C-ACDC-6C6D-0ACC-A88670A7F872}.Release|Any CPU.Build.0 = Release|Any CPU
		{C653C8DE-EC71-765C-35D5-953C289C093B}.Debug|Any CPU.ActiveCfg = Debug|Any CPU
		{C653C8DE-EC71-765C-35D5-953C289C093B}.Debug|Any CPU.Build.0 = Debug|Any CPU
		{C653C8DE-EC71-765C-35D5-953C289C093B}.Release|Any CPU.ActiveCfg = Release|Any CPU
		{C653C8DE-EC71-765C-35D5-953C289C093B}.Release|Any CPU.Build.0 = Release|Any CPU
		{70DDF522-8457-1895-16F9-842E7BEB69CC}.Debug|Any CPU.ActiveCfg = Debug|Any CPU
		{70DDF522-8457-1895-16F9-842E7BEB69CC}.Debug|Any CPU.Build.0 = Debug|Any CPU
		{70DDF522-8457-1895-16F9-842E7BEB69CC}.Release|Any CPU.ActiveCfg = Release|Any CPU
		{70DDF522-8457-1895-16F9-842E7BEB69CC}.Release|Any CPU.Build.0 = Release|Any CPU
		{93D922CA-903A-05F6-00A2-CEBF60EE369A}.Debug|Any CPU.ActiveCfg = Debug|Any CPU
		{93D922CA-903A-05F6-00A2-CEBF60EE369A}.Debug|Any CPU.Build.0 = Debug|Any CPU
		{93D922CA-903A-05F6-00A2-CEBF60EE369A}.Release|Any CPU.ActiveCfg = Release|Any CPU
		{93D922CA-903A-05F6-00A2-CEBF60EE369A}.Release|Any CPU.Build.0 = Release|Any CPU
		{9E111762-D346-8647-BD96-02A9B65B0D5F}.Debug|Any CPU.ActiveCfg = Debug|Any CPU
		{9E111762-D346-8647-BD96-02A9B65B0D5F}.Debug|Any CPU.Build.0 = Debug|Any CPU
		{9E111762-D346-8647-BD96-02A9B65B0D5F}.Release|Any CPU.ActiveCfg = Release|Any CPU
		{9E111762-D346-8647-BD96-02A9B65B0D5F}.Release|Any CPU.Build.0 = Release|Any CPU
		{DD86D31B-AB78-9480-FCD7-6724CB1CDE25}.Debug|Any CPU.ActiveCfg = Debug|Any CPU
		{DD86D31B-AB78-9480-FCD7-6724CB1CDE25}.Debug|Any CPU.Build.0 = Debug|Any CPU
		{DD86D31B-AB78-9480-FCD7-6724CB1CDE25}.Release|Any CPU.ActiveCfg = Release|Any CPU
		{DD86D31B-AB78-9480-FCD7-6724CB1CDE25}.Release|Any CPU.Build.0 = Release|Any CPU
		{8604F188-F7D6-0A67-9889-2F3142F11E21}.Debug|Any CPU.ActiveCfg = Debug|Any CPU
		{8604F188-F7D6-0A67-9889-2F3142F11E21}.Debug|Any CPU.Build.0 = Debug|Any CPU
		{8604F188-F7D6-0A67-9889-2F3142F11E21}.Release|Any CPU.ActiveCfg = Release|Any CPU
		{8604F188-F7D6-0A67-9889-2F3142F11E21}.Release|Any CPU.Build.0 = Release|Any CPU
		{D44580F7-7BF3-539D-6DA2-24C468F8F61E}.Debug|Any CPU.ActiveCfg = Debug|Any CPU
		{D44580F7-7BF3-539D-6DA2-24C468F8F61E}.Debug|Any CPU.Build.0 = Debug|Any CPU
		{D44580F7-7BF3-539D-6DA2-24C468F8F61E}.Release|Any CPU.ActiveCfg = Release|Any CPU
		{D44580F7-7BF3-539D-6DA2-24C468F8F61E}.Release|Any CPU.Build.0 = Release|Any CPU
		{ADC2A8D7-2DC1-EAC9-91A9-8A90413E0945}.Debug|Any CPU.ActiveCfg = Debug|Any CPU
		{ADC2A8D7-2DC1-EAC9-91A9-8A90413E0945}.Debug|Any CPU.Build.0 = Debug|Any CPU
		{ADC2A8D7-2DC1-EAC9-91A9-8A90413E0945}.Release|Any CPU.ActiveCfg = Release|Any CPU
		{ADC2A8D7-2DC1-EAC9-91A9-8A90413E0945}.Release|Any CPU.Build.0 = Release|Any CPU
		{1A118B8A-E048-3395-37A9-C6B4F2754B50}.Debug|Any CPU.ActiveCfg = Debug|Any CPU
		{1A118B8A-E048-3395-37A9-C6B4F2754B50}.Debug|Any CPU.Build.0 = Debug|Any CPU
		{1A118B8A-E048-3395-37A9-C6B4F2754B50}.Release|Any CPU.ActiveCfg = Release|Any CPU
		{1A118B8A-E048-3395-37A9-C6B4F2754B50}.Release|Any CPU.Build.0 = Release|Any CPU
		{E851B22F-C70F-691E-CE44-F240AEB5BCB5}.Debug|Any CPU.ActiveCfg = Debug|Any CPU
		{E851B22F-C70F-691E-CE44-F240AEB5BCB5}.Debug|Any CPU.Build.0 = Debug|Any CPU
		{E851B22F-C70F-691E-CE44-F240AEB5BCB5}.Release|Any CPU.ActiveCfg = Release|Any CPU
		{E851B22F-C70F-691E-CE44-F240AEB5BCB5}.Release|Any CPU.Build.0 = Release|Any CPU
		{76B574A3-7DC1-90A5-0029-7B9855084815}.Debug|Any CPU.ActiveCfg = Debug|Any CPU
		{76B574A3-7DC1-90A5-0029-7B9855084815}.Debug|Any CPU.Build.0 = Debug|Any CPU
		{76B574A3-7DC1-90A5-0029-7B9855084815}.Release|Any CPU.ActiveCfg = Release|Any CPU
		{76B574A3-7DC1-90A5-0029-7B9855084815}.Release|Any CPU.Build.0 = Release|Any CPU
		{5C10F925-BB07-2F14-5099-B94947AF6A51}.Debug|Any CPU.ActiveCfg = Debug|Any CPU
		{5C10F925-BB07-2F14-5099-B94947AF6A51}.Debug|Any CPU.Build.0 = Debug|Any CPU
		{5C10F925-BB07-2F14-5099-B94947AF6A51}.Release|Any CPU.ActiveCfg = Release|Any CPU
		{5C10F925-BB07-2F14-5099-B94947AF6A51}.Release|Any CPU.Build.0 = Release|Any CPU
		{952B13EF-790F-D535-358D-63BA28BB03ED}.Debug|Any CPU.ActiveCfg = Debug|Any CPU
		{952B13EF-790F-D535-358D-63BA28BB03ED}.Debug|Any CPU.Build.0 = Debug|Any CPU
		{952B13EF-790F-D535-358D-63BA28BB03ED}.Release|Any CPU.ActiveCfg = Release|Any CPU
		{952B13EF-790F-D535-358D-63BA28BB03ED}.Release|Any CPU.Build.0 = Release|Any CPU
		{2C20DB3D-6D1E-056A-C9AF-5CA669459B48}.Debug|Any CPU.ActiveCfg = Debug|Any CPU
		{2C20DB3D-6D1E-056A-C9AF-5CA669459B48}.Debug|Any CPU.Build.0 = Debug|Any CPU
		{2C20DB3D-6D1E-056A-C9AF-5CA669459B48}.Release|Any CPU.ActiveCfg = Release|Any CPU
		{2C20DB3D-6D1E-056A-C9AF-5CA669459B48}.Release|Any CPU.Build.0 = Release|Any CPU
		{70EDCF3C-868C-E903-C799-75AD4DAECBF1}.Debug|Any CPU.ActiveCfg = Debug|Any CPU
		{70EDCF3C-868C-E903-C799-75AD4DAECBF1}.Debug|Any CPU.Build.0 = Debug|Any CPU
		{70EDCF3C-868C-E903-C799-75AD4DAECBF1}.Release|Any CPU.ActiveCfg = Release|Any CPU
		{70EDCF3C-868C-E903-C799-75AD4DAECBF1}.Release|Any CPU.Build.0 = Release|Any CPU
		{4E4D42E5-072F-35D7-C70E-3CED23E8BDF5}.Debug|Any CPU.ActiveCfg = Debug|Any CPU
		{4E4D42E5-072F-35D7-C70E-3CED23E8BDF5}.Debug|Any CPU.Build.0 = Debug|Any CPU
		{4E4D42E5-072F-35D7-C70E-3CED23E8BDF5}.Release|Any CPU.ActiveCfg = Release|Any CPU
		{4E4D42E5-072F-35D7-C70E-3CED23E8BDF5}.Release|Any CPU.Build.0 = Release|Any CPU
		{CB457CA6-8678-6C81-C7C8-BF7E31B98B96}.Debug|Any CPU.ActiveCfg = Debug|Any CPU
		{CB457CA6-8678-6C81-C7C8-BF7E31B98B96}.Debug|Any CPU.Build.0 = Debug|Any CPU
		{CB457CA6-8678-6C81-C7C8-BF7E31B98B96}.Release|Any CPU.ActiveCfg = Release|Any CPU
		{CB457CA6-8678-6C81-C7C8-BF7E31B98B96}.Release|Any CPU.Build.0 = Release|Any CPU
		{92CFA9AF-CB2D-12DF-8455-5B985F55F565}.Debug|Any CPU.ActiveCfg = Debug|Any CPU
		{92CFA9AF-CB2D-12DF-8455-5B985F55F565}.Debug|Any CPU.Build.0 = Debug|Any CPU
		{92CFA9AF-CB2D-12DF-8455-5B985F55F565}.Release|Any CPU.ActiveCfg = Release|Any CPU
		{92CFA9AF-CB2D-12DF-8455-5B985F55F565}.Release|Any CPU.Build.0 = Release|Any CPU
		{639E8EDF-3DFC-2064-1532-3B765F69DBE4}.Debug|Any CPU.ActiveCfg = Debug|Any CPU
		{639E8EDF-3DFC-2064-1532-3B765F69DBE4}.Debug|Any CPU.Build.0 = Debug|Any CPU
		{639E8EDF-3DFC-2064-1532-3B765F69DBE4}.Release|Any CPU.ActiveCfg = Release|Any CPU
		{639E8EDF-3DFC-2064-1532-3B765F69DBE4}.Release|Any CPU.Build.0 = Release|Any CPU
		{892545D8-2EB2-BBB6-B90A-98E74B96E1A1}.Debug|Any CPU.ActiveCfg = Debug|Any CPU
		{892545D8-2EB2-BBB6-B90A-98E74B96E1A1}.Debug|Any CPU.Build.0 = Debug|Any CPU
		{892545D8-2EB2-BBB6-B90A-98E74B96E1A1}.Release|Any CPU.ActiveCfg = Release|Any CPU
		{892545D8-2EB2-BBB6-B90A-98E74B96E1A1}.Release|Any CPU.Build.0 = Release|Any CPU
		{85911834-6D5B-8FD3-50D5-AB8432C1256B}.Debug|Any CPU.ActiveCfg = Debug|Any CPU
		{85911834-6D5B-8FD3-50D5-AB8432C1256B}.Debug|Any CPU.Build.0 = Debug|Any CPU
		{85911834-6D5B-8FD3-50D5-AB8432C1256B}.Release|Any CPU.ActiveCfg = Release|Any CPU
		{85911834-6D5B-8FD3-50D5-AB8432C1256B}.Release|Any CPU.Build.0 = Release|Any CPU
		{49743C27-1175-CAA3-27E8-204BBB51DA2C}.Debug|Any CPU.ActiveCfg = Debug|Any CPU
		{49743C27-1175-CAA3-27E8-204BBB51DA2C}.Debug|Any CPU.Build.0 = Debug|Any CPU
		{49743C27-1175-CAA3-27E8-204BBB51DA2C}.Release|Any CPU.ActiveCfg = Release|Any CPU
		{49743C27-1175-CAA3-27E8-204BBB51DA2C}.Release|Any CPU.Build.0 = Release|Any CPU
		{39A33E0F-79FE-0708-3033-4E2163E43BC2}.Debug|Any CPU.ActiveCfg = Debug|Any CPU
		{39A33E0F-79FE-0708-3033-4E2163E43BC2}.Debug|Any CPU.Build.0 = Debug|Any CPU
		{39A33E0F-79FE-0708-3033-4E2163E43BC2}.Release|Any CPU.ActiveCfg = Release|Any CPU
		{39A33E0F-79FE-0708-3033-4E2163E43BC2}.Release|Any CPU.Build.0 = Release|Any CPU
		{F9041539-4066-F8BD-CF2F-72E431EE2A60}.Debug|Any CPU.ActiveCfg = Debug|Any CPU
		{F9041539-4066-F8BD-CF2F-72E431EE2A60}.Debug|Any CPU.Build.0 = Debug|Any CPU
		{F9041539-4066-F8BD-CF2F-72E431EE2A60}.Release|Any CPU.ActiveCfg = Release|Any CPU
		{F9041539-4066-F8BD-CF2F-72E431EE2A60}.Release|Any CPU.Build.0 = Release|Any CPU
		{53D5CC2E-DCF4-209B-0EE2-28ED97487C5B}.Debug|Any CPU.ActiveCfg = Debug|Any CPU
		{53D5CC2E-DCF4-209B-0EE2-28ED97487C5B}.Debug|Any CPU.Build.0 = Debug|Any CPU
		{53D5CC2E-DCF4-209B-0EE2-28ED97487C5B}.Release|Any CPU.ActiveCfg = Release|Any CPU
		{53D5CC2E-DCF4-209B-0EE2-28ED97487C5B}.Release|Any CPU.Build.0 = Release|Any CPU
		{6E116BD8-28E0-6F73-FAAC-8A6B57D44FDF}.Debug|Any CPU.ActiveCfg = Debug|Any CPU
		{6E116BD8-28E0-6F73-FAAC-8A6B57D44FDF}.Debug|Any CPU.Build.0 = Debug|Any CPU
		{6E116BD8-28E0-6F73-FAAC-8A6B57D44FDF}.Release|Any CPU.ActiveCfg = Release|Any CPU
		{6E116BD8-28E0-6F73-FAAC-8A6B57D44FDF}.Release|Any CPU.Build.0 = Release|Any CPU
		{1B8376A5-7463-946B-53AF-39E6E6FEE761}.Debug|Any CPU.ActiveCfg = Debug|Any CPU
		{1B8376A5-7463-946B-53AF-39E6E6FEE761}.Debug|Any CPU.Build.0 = Debug|Any CPU
		{1B8376A5-7463-946B-53AF-39E6E6FEE761}.Release|Any CPU.ActiveCfg = Release|Any CPU
		{1B8376A5-7463-946B-53AF-39E6E6FEE761}.Release|Any CPU.Build.0 = Release|Any CPU
		{ADF42712-0501-6D25-6C27-3E77C7F258EA}.Debug|Any CPU.ActiveCfg = Debug|Any CPU
		{ADF42712-0501-6D25-6C27-3E77C7F258EA}.Debug|Any CPU.Build.0 = Debug|Any CPU
		{ADF42712-0501-6D25-6C27-3E77C7F258EA}.Release|Any CPU.ActiveCfg = Release|Any CPU
		{ADF42712-0501-6D25-6C27-3E77C7F258EA}.Release|Any CPU.Build.0 = Release|Any CPU
		{5CE3293B-BB77-1913-C548-5162217EAFF6}.Debug|Any CPU.ActiveCfg = Debug|Any CPU
		{5CE3293B-BB77-1913-C548-5162217EAFF6}.Debug|Any CPU.Build.0 = Debug|Any CPU
		{5CE3293B-BB77-1913-C548-5162217EAFF6}.Release|Any CPU.ActiveCfg = Release|Any CPU
		{5CE3293B-BB77-1913-C548-5162217EAFF6}.Release|Any CPU.Build.0 = Release|Any CPU
		{76E2C3A9-F545-6564-5C27-5C300337A680}.Debug|Any CPU.ActiveCfg = Debug|Any CPU
		{76E2C3A9-F545-6564-5C27-5C300337A680}.Debug|Any CPU.Build.0 = Debug|Any CPU
		{76E2C3A9-F545-6564-5C27-5C300337A680}.Release|Any CPU.ActiveCfg = Release|Any CPU
		{76E2C3A9-F545-6564-5C27-5C300337A680}.Release|Any CPU.Build.0 = Release|Any CPU
		{C9AB151A-526F-4975-1D0B-18F4C0A88273}.Debug|Any CPU.ActiveCfg = Debug|Any CPU
		{C9AB151A-526F-4975-1D0B-18F4C0A88273}.Debug|Any CPU.Build.0 = Debug|Any CPU
		{C9AB151A-526F-4975-1D0B-18F4C0A88273}.Release|Any CPU.ActiveCfg = Release|Any CPU
		{C9AB151A-526F-4975-1D0B-18F4C0A88273}.Release|Any CPU.Build.0 = Release|Any CPU
		{2C240D02-C5F9-EC6B-05DA-F6E60577192E}.Debug|Any CPU.ActiveCfg = Debug|Any CPU
		{2C240D02-C5F9-EC6B-05DA-F6E60577192E}.Debug|Any CPU.Build.0 = Debug|Any CPU
		{2C240D02-C5F9-EC6B-05DA-F6E60577192E}.Release|Any CPU.ActiveCfg = Release|Any CPU
		{2C240D02-C5F9-EC6B-05DA-F6E60577192E}.Release|Any CPU.Build.0 = Release|Any CPU
		{FE085C03-5BB2-AEA5-34C1-E1617B0602A4}.Debug|Any CPU.ActiveCfg = Debug|Any CPU
		{FE085C03-5BB2-AEA5-34C1-E1617B0602A4}.Debug|Any CPU.Build.0 = Debug|Any CPU
		{FE085C03-5BB2-AEA5-34C1-E1617B0602A4}.Release|Any CPU.ActiveCfg = Release|Any CPU
		{FE085C03-5BB2-AEA5-34C1-E1617B0602A4}.Release|Any CPU.Build.0 = Release|Any CPU
		{9BFE937E-ED13-BB49-A4F9-0119BC4816CB}.Debug|Any CPU.ActiveCfg = Debug|Any CPU
		{9BFE937E-ED13-BB49-A4F9-0119BC4816CB}.Debug|Any CPU.Build.0 = Debug|Any CPU
		{9BFE937E-ED13-BB49-A4F9-0119BC4816CB}.Release|Any CPU.ActiveCfg = Release|Any CPU
		{9BFE937E-ED13-BB49-A4F9-0119BC4816CB}.Release|Any CPU.Build.0 = Release|Any CPU
		{6400EB7A-C623-EA90-C86D-ABC7DB0BB57C}.Debug|Any CPU.ActiveCfg = Debug|Any CPU
		{6400EB7A-C623-EA90-C86D-ABC7DB0BB57C}.Debug|Any CPU.Build.0 = Debug|Any CPU
		{6400EB7A-C623-EA90-C86D-ABC7DB0BB57C}.Release|Any CPU.ActiveCfg = Release|Any CPU
		{6400EB7A-C623-EA90-C86D-ABC7DB0BB57C}.Release|Any CPU.Build.0 = Release|Any CPU
		{8A327675-D91D-860A-F44A-69037D822839}.Debug|Any CPU.ActiveCfg = Debug|Any CPU
		{8A327675-D91D-860A-F44A-69037D822839}.Debug|Any CPU.Build.0 = Debug|Any CPU
		{8A327675-D91D-860A-F44A-69037D822839}.Release|Any CPU.ActiveCfg = Release|Any CPU
		{8A327675-D91D-860A-F44A-69037D822839}.Release|Any CPU.Build.0 = Release|Any CPU
		{D7B8FB5B-9EC4-973D-CDE2-C442BC7ACF4F}.Debug|Any CPU.ActiveCfg = Debug|Any CPU
		{D7B8FB5B-9EC4-973D-CDE2-C442BC7ACF4F}.Debug|Any CPU.Build.0 = Debug|Any CPU
		{D7B8FB5B-9EC4-973D-CDE2-C442BC7ACF4F}.Release|Any CPU.ActiveCfg = Release|Any CPU
		{D7B8FB5B-9EC4-973D-CDE2-C442BC7ACF4F}.Release|Any CPU.Build.0 = Release|Any CPU
		{39936621-BB48-44E0-7B8D-385CE749AB1E}.Debug|Any CPU.ActiveCfg = Debug|Any CPU
		{39936621-BB48-44E0-7B8D-385CE749AB1E}.Debug|Any CPU.Build.0 = Debug|Any CPU
		{39936621-BB48-44E0-7B8D-385CE749AB1E}.Release|Any CPU.ActiveCfg = Release|Any CPU
		{39936621-BB48-44E0-7B8D-385CE749AB1E}.Release|Any CPU.Build.0 = Release|Any CPU
		{C2AD309E-3FFE-453B-71FE-E0F5BB26968B}.Debug|Any CPU.ActiveCfg = Debug|Any CPU
		{C2AD309E-3FFE-453B-71FE-E0F5BB26968B}.Debug|Any CPU.Build.0 = Debug|Any CPU
		{C2AD309E-3FFE-453B-71FE-E0F5BB26968B}.Release|Any CPU.ActiveCfg = Release|Any CPU
		{C2AD309E-3FFE-453B-71FE-E0F5BB26968B}.Release|Any CPU.Build.0 = Release|Any CPU
		{1A04E3A0-4C11-6995-BAE0-85B9AE86E774}.Debug|Any CPU.ActiveCfg = Debug|Any CPU
		{1A04E3A0-4C11-6995-BAE0-85B9AE86E774}.Debug|Any CPU.Build.0 = Debug|Any CPU
		{1A04E3A0-4C11-6995-BAE0-85B9AE86E774}.Release|Any CPU.ActiveCfg = Release|Any CPU
		{1A04E3A0-4C11-6995-BAE0-85B9AE86E774}.Release|Any CPU.Build.0 = Release|Any CPU
		{F0A4778C-0C05-21AC-5155-027C5B3A6EC3}.Debug|Any CPU.ActiveCfg = Debug|Any CPU
		{F0A4778C-0C05-21AC-5155-027C5B3A6EC3}.Debug|Any CPU.Build.0 = Debug|Any CPU
		{F0A4778C-0C05-21AC-5155-027C5B3A6EC3}.Release|Any CPU.ActiveCfg = Release|Any CPU
		{F0A4778C-0C05-21AC-5155-027C5B3A6EC3}.Release|Any CPU.Build.0 = Release|Any CPU
		{94B9A087-CDD4-79A2-CA10-CC2E2550B993}.Debug|Any CPU.ActiveCfg = Debug|Any CPU
		{94B9A087-CDD4-79A2-CA10-CC2E2550B993}.Debug|Any CPU.Build.0 = Debug|Any CPU
		{94B9A087-CDD4-79A2-CA10-CC2E2550B993}.Release|Any CPU.ActiveCfg = Release|Any CPU
		{94B9A087-CDD4-79A2-CA10-CC2E2550B993}.Release|Any CPU.Build.0 = Release|Any CPU
		{5F021519-9E06-09E8-994F-4D95F6DAB536}.Debug|Any CPU.ActiveCfg = Debug|Any CPU
		{5F021519-9E06-09E8-994F-4D95F6DAB536}.Debug|Any CPU.Build.0 = Debug|Any CPU
		{5F021519-9E06-09E8-994F-4D95F6DAB536}.Release|Any CPU.ActiveCfg = Release|Any CPU
		{5F021519-9E06-09E8-994F-4D95F6DAB536}.Release|Any CPU.Build.0 = Release|Any CPU
		{2A1688DB-FA29-AA21-48A0-712F12539AE9}.Debug|Any CPU.ActiveCfg = Debug|Any CPU
		{2A1688DB-FA29-AA21-48A0-712F12539AE9}.Debug|Any CPU.Build.0 = Debug|Any CPU
		{2A1688DB-FA29-AA21-48A0-712F12539AE9}.Release|Any CPU.ActiveCfg = Release|Any CPU
		{2A1688DB-FA29-AA21-48A0-712F12539AE9}.Release|Any CPU.Build.0 = Release|Any CPU
		{1167BCCD-8890-0CC1-78F9-C7618496B868}.Debug|Any CPU.ActiveCfg = Debug|Any CPU
		{1167BCCD-8890-0CC1-78F9-C7618496B868}.Debug|Any CPU.Build.0 = Debug|Any CPU
		{1167BCCD-8890-0CC1-78F9-C7618496B868}.Release|Any CPU.ActiveCfg = Release|Any CPU
		{1167BCCD-8890-0CC1-78F9-C7618496B868}.Release|Any CPU.Build.0 = Release|Any CPU
		{51567AA9-DF24-1E90-93BD-6A7389E8D528}.Debug|Any CPU.ActiveCfg = Debug|Any CPU
		{51567AA9-DF24-1E90-93BD-6A7389E8D528}.Debug|Any CPU.Build.0 = Debug|Any CPU
		{51567AA9-DF24-1E90-93BD-6A7389E8D528}.Release|Any CPU.ActiveCfg = Release|Any CPU
		{51567AA9-DF24-1E90-93BD-6A7389E8D528}.Release|Any CPU.Build.0 = Release|Any CPU
		{B4521D88-4ACC-A8AC-3BA0-37DF29A3C912}.Debug|Any CPU.ActiveCfg = Debug|Any CPU
		{B4521D88-4ACC-A8AC-3BA0-37DF29A3C912}.Debug|Any CPU.Build.0 = Debug|Any CPU
		{B4521D88-4ACC-A8AC-3BA0-37DF29A3C912}.Release|Any CPU.ActiveCfg = Release|Any CPU
		{B4521D88-4ACC-A8AC-3BA0-37DF29A3C912}.Release|Any CPU.Build.0 = Release|Any CPU
		{6A9CC751-01AF-D565-48D0-75FEE8F008CE}.Debug|Any CPU.ActiveCfg = Debug|Any CPU
		{6A9CC751-01AF-D565-48D0-75FEE8F008CE}.Debug|Any CPU.Build.0 = Debug|Any CPU
		{6A9CC751-01AF-D565-48D0-75FEE8F008CE}.Release|Any CPU.ActiveCfg = Release|Any CPU
		{6A9CC751-01AF-D565-48D0-75FEE8F008CE}.Release|Any CPU.Build.0 = Release|Any CPU
		{7238F279-B2C0-0492-A50B-2D474C7CDDF3}.Debug|Any CPU.ActiveCfg = Debug|Any CPU
		{7238F279-B2C0-0492-A50B-2D474C7CDDF3}.Debug|Any CPU.Build.0 = Debug|Any CPU
		{7238F279-B2C0-0492-A50B-2D474C7CDDF3}.Release|Any CPU.ActiveCfg = Release|Any CPU
		{7238F279-B2C0-0492-A50B-2D474C7CDDF3}.Release|Any CPU.Build.0 = Release|Any CPU
		{3F3619A5-0CA3-D573-1044-61C479E00AF8}.Debug|Any CPU.ActiveCfg = Debug|Any CPU
		{3F3619A5-0CA3-D573-1044-61C479E00AF8}.Debug|Any CPU.Build.0 = Debug|Any CPU
		{3F3619A5-0CA3-D573-1044-61C479E00AF8}.Release|Any CPU.ActiveCfg = Release|Any CPU
		{3F3619A5-0CA3-D573-1044-61C479E00AF8}.Release|Any CPU.Build.0 = Release|Any CPU
		{9B70F0FD-EA5D-2FE3-AADC-6922D3895183}.Debug|Any CPU.ActiveCfg = Debug|Any CPU
		{9B70F0FD-EA5D-2FE3-AADC-6922D3895183}.Debug|Any CPU.Build.0 = Debug|Any CPU
		{9B70F0FD-EA5D-2FE3-AADC-6922D3895183}.Release|Any CPU.ActiveCfg = Release|Any CPU
		{9B70F0FD-EA5D-2FE3-AADC-6922D3895183}.Release|Any CPU.Build.0 = Release|Any CPU
	EndGlobalSection
	GlobalSection(SolutionProperties) = preSolution
		HideSolutionNode = FALSE
	EndGlobalSection
EndGlobal
